
Microsoft Visual Studio Solution File, Format Version 12.00
# Visual Studio Version 16
VisualStudioVersion = 16.0.32802.440
MinimumVisualStudioVersion = 10.0.40219.1
Project("{9A19103F-16F7-4668-BE54-9A1E7A4F7556}") = "IdentityServer", "IdentityServer.csproj", "{B098AC84-F684-433B-AF35-77E7905030CE}"
EndProject
Project("{FAE04EC0-301F-11D3-BF4B-00C04F79EFBC}") = "Apis", "..\Apis\Apis.csproj", "{D592491A-F896-4C28-8D8D-65A9FE275202}"
EndProject
Project("{FAE04EC0-301F-11D3-BF4B-00C04F79EFBC}") = "Client", "..\Client\Client.csproj", "{346031B3-A48A-4497-A042-B341E13C693A}"
EndProject
Project("{FAE04EC0-301F-11D3-BF4B-00C04F79EFBC}") = "MVCClient", "..\MVCClient\MVCClient.csproj", "{A3A8A018-7238-4755-9A54-B773F3F045F2}"
EndProject
Global
	GlobalSection(SolutionConfigurationPlatforms) = preSolution
		Debug|Any CPU = Debug|Any CPU
		Release|Any CPU = Release|Any CPU
	EndGlobalSection
	GlobalSection(ProjectConfigurationPlatforms) = postSolution
		{B098AC84-F684-433B-AF35-77E7905030CE}.Debug|Any CPU.ActiveCfg = Debug|Any CPU
		{B098AC84-F684-433B-AF35-77E7905030CE}.Debug|Any CPU.Build.0 = Debug|Any CPU
		{B098AC84-F684-433B-AF35-77E7905030CE}.Release|Any CPU.ActiveCfg = Release|Any CPU
		{B098AC84-F684-433B-AF35-77E7905030CE}.Release|Any CPU.Build.0 = Release|Any CPU
		{D592491A-F896-4C28-8D8D-65A9FE275202}.Debug|Any CPU.ActiveCfg = Debug|Any CPU
		{D592491A-F896-4C28-8D8D-65A9FE275202}.Debug|Any CPU.Build.0 = Debug|Any CPU
		{D592491A-F896-4C28-8D8D-65A9FE275202}.Release|Any CPU.ActiveCfg = Release|Any CPU
		{D592491A-F896-4C28-8D8D-65A9FE275202}.Release|Any CPU.Build.0 = Release|Any CPU
		{346031B3-A48A-4497-A042-B341E13C693A}.Debug|Any CPU.ActiveCfg = Debug|Any CPU
		{346031B3-A48A-4497-A042-B341E13C693A}.Debug|Any CPU.Build.0 = Debug|Any CPU
		{346031B3-A48A-4497-A042-B341E13C693A}.Release|Any CPU.ActiveCfg = Release|Any CPU
		{346031B3-A48A-4497-A042-B341E13C693A}.Release|Any CPU.Build.0 = Release|Any CPU
		{A3A8A018-7238-4755-9A54-B773F3F045F2}.Debug|Any CPU.ActiveCfg = Debug|Any CPU
		{A3A8A018-7238-4755-9A54-B773F3F045F2}.Debug|Any CPU.Build.0 = Debug|Any CPU
		{A3A8A018-7238-4755-9A54-B773F3F045F2}.Release|Any CPU.ActiveCfg = Release|Any CPU
		{A3A8A018-7238-4755-9A54-B773F3F045F2}.Release|Any CPU.Build.0 = Release|Any CPU
	EndGlobalSection
	GlobalSection(SolutionProperties) = preSolution
		HideSolutionNode = FALSE
	EndGlobalSection
	GlobalSection(ExtensibilityGlobals) = postSolution
		SolutionGuid = {974761B5-2317-4BEE-943A-1D2488C5C6F0}
	EndGlobalSection
EndGlobal
